
Microsoft Visual Studio Solution File, Format Version 12.00
# Visual Studio Version 17
VisualStudioVersion = 17.11.35327.3
MinimumVisualStudioVersion = 10.0.40219.1
Project("{2150E333-8FDC-42A3-9474-1A3956D46DE8}") = "Services", "Services", "{7A8DCBA1-E744-4D4A-934C-BB90359D582A}"
EndProject
Project("{2150E333-8FDC-42A3-9474-1A3956D46DE8}") = "Catalog", "Catalog", "{8B0BA21D-B52A-4BD3-897F-9B3784B8A9E3}"
EndProject
Project("{9A19103F-16F7-4668-BE54-9A1E7A4F7556}") = "MultiShop.Catalog", "Services\Catalog\MultiShop.Catalog\MultiShop.Catalog.csproj", "{9364CA1A-E81C-41D9-AB52-5623EA0823A9}"
EndProject
Project("{2150E333-8FDC-42A3-9474-1A3956D46DE8}") = "Discount", "Discount", "{05C7279F-1361-45E5-BAFB-47D0DC16303D}"
EndProject
Project("{FAE04EC0-301F-11D3-BF4B-00C04F79EFBC}") = "MultiShop.Discount", "Services\Discount\MultiShop.Discount\MultiShop.Discount.csproj", "{0D1297C8-DD88-4397-9BA7-C384D6F997CE}"
EndProject
Project("{2150E333-8FDC-42A3-9474-1A3956D46DE8}") = "Order", "Order", "{50DEB9FA-4647-47CB-957F-7E7909F4DC45}"
EndProject
Project("{2150E333-8FDC-42A3-9474-1A3956D46DE8}") = "Core", "Core", "{D51B92A8-7E48-4E49-9C50-58DCD78A28BC}"
EndProject
Project("{2150E333-8FDC-42A3-9474-1A3956D46DE8}") = "Infrastructure", "Infrastructure", "{B785DBB9-396C-4576-B305-0FE2325B6389}"
EndProject
Project("{2150E333-8FDC-42A3-9474-1A3956D46DE8}") = "Presentation", "Presentation", "{CC78F497-CCE9-46F4-8E16-F5018447F3CA}"
EndProject
Project("{FAE04EC0-301F-11D3-BF4B-00C04F79EFBC}") = "MultiShop.Order.Domain", "Services\Order\Core\MultiShop.Order.Domain\MultiShop.Order.Domain.csproj", "{7C634F58-9C2E-427D-8229-43C38A046D6A}"
EndProject
Project("{FAE04EC0-301F-11D3-BF4B-00C04F79EFBC}") = "MultiShop.Order.Application", "Services\Order\Core\MultiShop.Order.Application\MultiShop.Order.Application.csproj", "{0583423B-7AC4-4642-858C-EA5EA3C61CBE}"
EndProject
Project("{FAE04EC0-301F-11D3-BF4B-00C04F79EFBC}") = "MultiShop.Order.Persistence", "Services\Order\Infrastructure\MultiShop.Order.Persistence\MultiShop.Order.Persistence.csproj", "{6AA86F1A-647F-47B6-A825-C588A08EFD48}"
EndProject
Project("{FAE04EC0-301F-11D3-BF4B-00C04F79EFBC}") = "MultiShop.Order.WebApi", "Services\Order\Presentation\MultiShop.Order.WebApi\MultiShop.Order.WebApi.csproj", "{92DE2B3F-84F2-4AD1-864E-E6342E55B8B6}"
EndProject
Project("{2150E333-8FDC-42A3-9474-1A3956D46DE8}") = "IdentityServer", "IdentityServer", "{24B180CF-4564-45AF-BC8E-B314C187FB22}"
EndProject
Project("{FAE04EC0-301F-11D3-BF4B-00C04F79EFBC}") = "MultiShop.IdentityServer", "IdentityServer\MultiShop.IdentityServer\MultiShop.IdentityServer.csproj", "{386BD3A7-5328-4223-9061-62AD6EF1E1DB}"
EndProject
Project("{2150E333-8FDC-42A3-9474-1A3956D46DE8}") = "Requirements", "Requirements", "{239C6F30-6560-4B94-B227-2866CEF2CC7E}"
	ProjectSection(SolutionItems) = preProject
		PortNumbers.txt = PortNumbers.txt
	EndProjectSection
EndProject
Project("{2150E333-8FDC-42A3-9474-1A3956D46DE8}") = "Cargo", "Cargo", "{072759F1-74E8-493D-B550-AD1AD320A0BA}"
EndProject
Project("{FAE04EC0-301F-11D3-BF4B-00C04F79EFBC}") = "MultiShop.Cargo.EntityLayer", "Services\Cargo\MultiShop.Cargo.EntityLayer\MultiShop.Cargo.EntityLayer.csproj", "{11330786-7532-48B0-9BC1-40674831C42A}"
EndProject
Project("{FAE04EC0-301F-11D3-BF4B-00C04F79EFBC}") = "MultiShop.Cargo.BusinessLayer", "Services\Cargo\MultiShop.Cargo.BusinessLayer\MultiShop.Cargo.BusinessLayer.csproj", "{67C8E06C-28D9-49C4-B452-70D6EA8E8CA0}"
EndProject
Project("{FAE04EC0-301F-11D3-BF4B-00C04F79EFBC}") = "MultiShop.Cargo.DataAccessLayer", "Services\Cargo\MultiShop.Cargo.DataAccessLayer\MultiShop.Cargo.DataAccessLayer.csproj", "{0F4F9ECB-1B2B-4A5F-889B-B19D5CFAD1C4}"
EndProject
Project("{FAE04EC0-301F-11D3-BF4B-00C04F79EFBC}") = "MultiShop.Cargo.DtoLayer", "Services\Cargo\MultiShop.Cargo.DtoLayer\MultiShop.Cargo.DtoLayer.csproj", "{9C05CE42-63D2-44D2-8090-69A2ED31ECA9}"
EndProject
Project("{FAE04EC0-301F-11D3-BF4B-00C04F79EFBC}") = "MultiShop.Cargo.WebApi", "Services\Cargo\MultiShop.Cargo.WebApi\MultiShop.Cargo.WebApi.csproj", "{56FADEBD-DB9C-48C8-960E-3F93AE6B4547}"
EndProject
Project("{2150E333-8FDC-42A3-9474-1A3956D46DE8}") = "Basket", "Basket", "{1633BB32-BAA5-421A-807F-279FBC6CC27D}"
EndProject
Project("{FAE04EC0-301F-11D3-BF4B-00C04F79EFBC}") = "MultiShop.Basket", "Services\Basket\MultiShop.Basket\MultiShop.Basket.csproj", "{51043C7D-BC5D-4A3B-9DBD-09F5BAA55187}"
EndProject
Project("{2150E333-8FDC-42A3-9474-1A3956D46DE8}") = "Frontends", "Frontends", "{7883DB0C-C35B-4119-AF4D-5AD46FB1A815}"
EndProject
Project("{FAE04EC0-301F-11D3-BF4B-00C04F79EFBC}") = "MultiShop.WebUI", "Frontends\MultiShop.WebUI\MultiShop.WebUI.csproj", "{C3C269E4-2024-4B17-A914-B25C5EC87607}"
EndProject
Project("{FAE04EC0-301F-11D3-BF4B-00C04F79EFBC}") = "MultiShop.DtoLayer", "Frontends\MultiShop.DtoLayer\MultiShop.DtoLayer.csproj", "{CB85BA85-4934-4645-B16C-CFB7594E5A43}"
EndProject
Global
	GlobalSection(SolutionConfigurationPlatforms) = preSolution
		Debug|Any CPU = Debug|Any CPU
		Release|Any CPU = Release|Any CPU
	EndGlobalSection
	GlobalSection(ProjectConfigurationPlatforms) = postSolution
		{9364CA1A-E81C-41D9-AB52-5623EA0823A9}.Debug|Any CPU.ActiveCfg = Debug|Any CPU
		{9364CA1A-E81C-41D9-AB52-5623EA0823A9}.Debug|Any CPU.Build.0 = Debug|Any CPU
		{9364CA1A-E81C-41D9-AB52-5623EA0823A9}.Release|Any CPU.ActiveCfg = Release|Any CPU
		{9364CA1A-E81C-41D9-AB52-5623EA0823A9}.Release|Any CPU.Build.0 = Release|Any CPU
		{0D1297C8-DD88-4397-9BA7-C384D6F997CE}.Debug|Any CPU.ActiveCfg = Debug|Any CPU
		{0D1297C8-DD88-4397-9BA7-C384D6F997CE}.Debug|Any CPU.Build.0 = Debug|Any CPU
		{0D1297C8-DD88-4397-9BA7-C384D6F997CE}.Release|Any CPU.ActiveCfg = Release|Any CPU
		{0D1297C8-DD88-4397-9BA7-C384D6F997CE}.Release|Any CPU.Build.0 = Release|Any CPU
		{7C634F58-9C2E-427D-8229-43C38A046D6A}.Debug|Any CPU.ActiveCfg = Debug|Any CPU
		{7C634F58-9C2E-427D-8229-43C38A046D6A}.Debug|Any CPU.Build.0 = Debug|Any CPU
		{7C634F58-9C2E-427D-8229-43C38A046D6A}.Release|Any CPU.ActiveCfg = Release|Any CPU
		{7C634F58-9C2E-427D-8229-43C38A046D6A}.Release|Any CPU.Build.0 = Release|Any CPU
		{0583423B-7AC4-4642-858C-EA5EA3C61CBE}.Debug|Any CPU.ActiveCfg = Debug|Any CPU
		{0583423B-7AC4-4642-858C-EA5EA3C61CBE}.Debug|Any CPU.Build.0 = Debug|Any CPU
		{0583423B-7AC4-4642-858C-EA5EA3C61CBE}.Release|Any CPU.ActiveCfg = Release|Any CPU
		{0583423B-7AC4-4642-858C-EA5EA3C61CBE}.Release|Any CPU.Build.0 = Release|Any CPU
		{6AA86F1A-647F-47B6-A825-C588A08EFD48}.Debug|Any CPU.ActiveCfg = Debug|Any CPU
		{6AA86F1A-647F-47B6-A825-C588A08EFD48}.Debug|Any CPU.Build.0 = Debug|Any CPU
		{6AA86F1A-647F-47B6-A825-C588A08EFD48}.Release|Any CPU.ActiveCfg = Release|Any CPU
		{6AA86F1A-647F-47B6-A825-C588A08EFD48}.Release|Any CPU.Build.0 = Release|Any CPU
		{92DE2B3F-84F2-4AD1-864E-E6342E55B8B6}.Debug|Any CPU.ActiveCfg = Debug|Any CPU
		{92DE2B3F-84F2-4AD1-864E-E6342E55B8B6}.Debug|Any CPU.Build.0 = Debug|Any CPU
		{92DE2B3F-84F2-4AD1-864E-E6342E55B8B6}.Release|Any CPU.ActiveCfg = Release|Any CPU
		{92DE2B3F-84F2-4AD1-864E-E6342E55B8B6}.Release|Any CPU.Build.0 = Release|Any CPU
		{386BD3A7-5328-4223-9061-62AD6EF1E1DB}.Debug|Any CPU.ActiveCfg = Debug|Any CPU
		{386BD3A7-5328-4223-9061-62AD6EF1E1DB}.Debug|Any CPU.Build.0 = Debug|Any CPU
		{386BD3A7-5328-4223-9061-62AD6EF1E1DB}.Release|Any CPU.ActiveCfg = Release|Any CPU
		{386BD3A7-5328-4223-9061-62AD6EF1E1DB}.Release|Any CPU.Build.0 = Release|Any CPU
		{11330786-7532-48B0-9BC1-40674831C42A}.Debug|Any CPU.ActiveCfg = Debug|Any CPU
		{11330786-7532-48B0-9BC1-40674831C42A}.Debug|Any CPU.Build.0 = Debug|Any CPU
		{11330786-7532-48B0-9BC1-40674831C42A}.Release|Any CPU.ActiveCfg = Release|Any CPU
		{11330786-7532-48B0-9BC1-40674831C42A}.Release|Any CPU.Build.0 = Release|Any CPU
		{67C8E06C-28D9-49C4-B452-70D6EA8E8CA0}.Debug|Any CPU.ActiveCfg = Debug|Any CPU
		{67C8E06C-28D9-49C4-B452-70D6EA8E8CA0}.Debug|Any CPU.Build.0 = Debug|Any CPU
		{67C8E06C-28D9-49C4-B452-70D6EA8E8CA0}.Release|Any CPU.ActiveCfg = Release|Any CPU
		{67C8E06C-28D9-49C4-B452-70D6EA8E8CA0}.Release|Any CPU.Build.0 = Release|Any CPU
		{0F4F9ECB-1B2B-4A5F-889B-B19D5CFAD1C4}.Debug|Any CPU.ActiveCfg = Debug|Any CPU
		{0F4F9ECB-1B2B-4A5F-889B-B19D5CFAD1C4}.Debug|Any CPU.Build.0 = Debug|Any CPU
		{0F4F9ECB-1B2B-4A5F-889B-B19D5CFAD1C4}.Release|Any CPU.ActiveCfg = Release|Any CPU
		{0F4F9ECB-1B2B-4A5F-889B-B19D5CFAD1C4}.Release|Any CPU.Build.0 = Release|Any CPU
		{9C05CE42-63D2-44D2-8090-69A2ED31ECA9}.Debug|Any CPU.ActiveCfg = Debug|Any CPU
		{9C05CE42-63D2-44D2-8090-69A2ED31ECA9}.Debug|Any CPU.Build.0 = Debug|Any CPU
		{9C05CE42-63D2-44D2-8090-69A2ED31ECA9}.Release|Any CPU.ActiveCfg = Release|Any CPU
		{9C05CE42-63D2-44D2-8090-69A2ED31ECA9}.Release|Any CPU.Build.0 = Release|Any CPU
		{56FADEBD-DB9C-48C8-960E-3F93AE6B4547}.Debug|Any CPU.ActiveCfg = Debug|Any CPU
		{56FADEBD-DB9C-48C8-960E-3F93AE6B4547}.Debug|Any CPU.Build.0 = Debug|Any CPU
		{56FADEBD-DB9C-48C8-960E-3F93AE6B4547}.Release|Any CPU.ActiveCfg = Release|Any CPU
		{56FADEBD-DB9C-48C8-960E-3F93AE6B4547}.Release|Any CPU.Build.0 = Release|Any CPU
		{51043C7D-BC5D-4A3B-9DBD-09F5BAA55187}.Debug|Any CPU.ActiveCfg = Debug|Any CPU
		{51043C7D-BC5D-4A3B-9DBD-09F5BAA55187}.Debug|Any CPU.Build.0 = Debug|Any CPU
		{51043C7D-BC5D-4A3B-9DBD-09F5BAA55187}.Release|Any CPU.ActiveCfg = Release|Any CPU
		{51043C7D-BC5D-4A3B-9DBD-09F5BAA55187}.Release|Any CPU.Build.0 = Release|Any CPU
		{C3C269E4-2024-4B17-A914-B25C5EC87607}.Debug|Any CPU.ActiveCfg = Debug|Any CPU
		{C3C269E4-2024-4B17-A914-B25C5EC87607}.Debug|Any CPU.Build.0 = Debug|Any CPU
		{C3C269E4-2024-4B17-A914-B25C5EC87607}.Release|Any CPU.ActiveCfg = Release|Any CPU
		{C3C269E4-2024-4B17-A914-B25C5EC87607}.Release|Any CPU.Build.0 = Release|Any CPU
		{CB85BA85-4934-4645-B16C-CFB7594E5A43}.Debug|Any CPU.ActiveCfg = Debug|Any CPU
		{CB85BA85-4934-4645-B16C-CFB7594E5A43}.Debug|Any CPU.Build.0 = Debug|Any CPU
		{CB85BA85-4934-4645-B16C-CFB7594E5A43}.Release|Any CPU.ActiveCfg = Release|Any CPU
		{CB85BA85-4934-4645-B16C-CFB7594E5A43}.Release|Any CPU.Build.0 = Release|Any CPU
	EndGlobalSection
	GlobalSection(SolutionProperties) = preSolution
		HideSolutionNode = FALSE
	EndGlobalSection
	GlobalSection(NestedProjects) = preSolution
		{8B0BA21D-B52A-4BD3-897F-9B3784B8A9E3} = {7A8DCBA1-E744-4D4A-934C-BB90359D582A}
		{9364CA1A-E81C-41D9-AB52-5623EA0823A9} = {8B0BA21D-B52A-4BD3-897F-9B3784B8A9E3}
		{05C7279F-1361-45E5-BAFB-47D0DC16303D} = {7A8DCBA1-E744-4D4A-934C-BB90359D582A}
		{0D1297C8-DD88-4397-9BA7-C384D6F997CE} = {05C7279F-1361-45E5-BAFB-47D0DC16303D}
		{50DEB9FA-4647-47CB-957F-7E7909F4DC45} = {7A8DCBA1-E744-4D4A-934C-BB90359D582A}
		{D51B92A8-7E48-4E49-9C50-58DCD78A28BC} = {50DEB9FA-4647-47CB-957F-7E7909F4DC45}
		{B785DBB9-396C-4576-B305-0FE2325B6389} = {50DEB9FA-4647-47CB-957F-7E7909F4DC45}
		{CC78F497-CCE9-46F4-8E16-F5018447F3CA} = {50DEB9FA-4647-47CB-957F-7E7909F4DC45}
		{7C634F58-9C2E-427D-8229-43C38A046D6A} = {D51B92A8-7E48-4E49-9C50-58DCD78A28BC}
		{0583423B-7AC4-4642-858C-EA5EA3C61CBE} = {D51B92A8-7E48-4E49-9C50-58DCD78A28BC}
		{6AA86F1A-647F-47B6-A825-C588A08EFD48} = {B785DBB9-396C-4576-B305-0FE2325B6389}
		{92DE2B3F-84F2-4AD1-864E-E6342E55B8B6} = {CC78F497-CCE9-46F4-8E16-F5018447F3CA}
		{386BD3A7-5328-4223-9061-62AD6EF1E1DB} = {24B180CF-4564-45AF-BC8E-B314C187FB22}
		{072759F1-74E8-493D-B550-AD1AD320A0BA} = {7A8DCBA1-E744-4D4A-934C-BB90359D582A}
		{11330786-7532-48B0-9BC1-40674831C42A} = {072759F1-74E8-493D-B550-AD1AD320A0BA}
		{67C8E06C-28D9-49C4-B452-70D6EA8E8CA0} = {072759F1-74E8-493D-B550-AD1AD320A0BA}
		{0F4F9ECB-1B2B-4A5F-889B-B19D5CFAD1C4} = {072759F1-74E8-493D-B550-AD1AD320A0BA}
		{9C05CE42-63D2-44D2-8090-69A2ED31ECA9} = {072759F1-74E8-493D-B550-AD1AD320A0BA}
		{56FADEBD-DB9C-48C8-960E-3F93AE6B4547} = {072759F1-74E8-493D-B550-AD1AD320A0BA}
		{1633BB32-BAA5-421A-807F-279FBC6CC27D} = {7A8DCBA1-E744-4D4A-934C-BB90359D582A}
		{51043C7D-BC5D-4A3B-9DBD-09F5BAA55187} = {1633BB32-BAA5-421A-807F-279FBC6CC27D}
		{C3C269E4-2024-4B17-A914-B25C5EC87607} = {7883DB0C-C35B-4119-AF4D-5AD46FB1A815}
		{CB85BA85-4934-4645-B16C-CFB7594E5A43} = {7883DB0C-C35B-4119-AF4D-5AD46FB1A815}
	EndGlobalSection
	GlobalSection(ExtensibilityGlobals) = postSolution
		SolutionGuid = {84419ED6-652F-4E59-B9CF-65D81CD4A7D8}
	EndGlobalSection
EndGlobal
